// !$*UTF8*$!
{
	archiveVersion = 1;
	classes = {
	};
	objectVersion = 46;
	objects = {

/* Begin PBXBuildFile section */
		BFFBE4DD1BDD1C6B0033039F /* main.m in Sources */ = {isa = PBXBuildFile; fileRef = BFFBE4DC1BDD1C6B0033039F /* main.m */; };
		BFFBE4E01BDD1C6B0033039F /* AppDelegate.m in Sources */ = {isa = PBXBuildFile; fileRef = BFFBE4DF1BDD1C6B0033039F /* AppDelegate.m */; };
		BFFBE4E81BDD1C6B0033039F /* Assets.xcassets in Resources */ = {isa = PBXBuildFile; fileRef = BFFBE4E71BDD1C6B0033039F /* Assets.xcassets */; };
		BFFBE4EB1BDD1C6B0033039F /* LaunchScreen.storyboard in Resources */ = {isa = PBXBuildFile; fileRef = BFFBE4E91BDD1C6B0033039F /* LaunchScreen.storyboard */; };
		BFFBE4F61BDD1C6B0033039F /* UnitySharePluginTests.m in Sources */ = {isa = PBXBuildFile; fileRef = BFFBE4F51BDD1C6B0033039F /* UnitySharePluginTests.m */; };
		BFFBE5011BDD1C6B0033039F /* UnitySharePluginUITests.m in Sources */ = {isa = PBXBuildFile; fileRef = BFFBE5001BDD1C6B0033039F /* UnitySharePluginUITests.m */; };
		BFFBE5101BDD1CED0033039F /* ShareController.mm in Sources */ = {isa = PBXBuildFile; fileRef = BFFBE50F1BDD1CED0033039F /* ShareController.mm */; };
/* End PBXBuildFile section */

/* Begin PBXContainerItemProxy section */
		BFFBE4F21BDD1C6B0033039F /* PBXContainerItemProxy */ = {
			isa = PBXContainerItemProxy;
			containerPortal = BFFBE4D01BDD1C6B0033039F /* Project object */;
			proxyType = 1;
			remoteGlobalIDString = BFFBE4D71BDD1C6B0033039F;
			remoteInfo = UnitySharePlugin;
		};
		BFFBE4FD1BDD1C6B0033039F /* PBXContainerItemProxy */ = {
			isa = PBXContainerItemProxy;
			containerPortal = BFFBE4D01BDD1C6B0033039F /* Project object */;
			proxyType = 1;
			remoteGlobalIDString = BFFBE4D71BDD1C6B0033039F;
			remoteInfo = UnitySharePlugin;
		};
/* End PBXContainerItemProxy section */

/* Begin PBXFileReference section */
		BFFBE4D81BDD1C6B0033039F /* UnitySharePlugin.app */ = {isa = PBXFileReference; explicitFileType = wrapper.application; includeInIndex = 0; path = UnitySharePlugin.app; sourceTree = BUILT_PRODUCTS_DIR; };
		BFFBE4DC1BDD1C6B0033039F /* main.m */ = {isa = PBXFileReference; lastKnownFileType = sourcecode.c.objc; path = main.m; sourceTree = "<group>"; };
		BFFBE4DE1BDD1C6B0033039F /* AppDelegate.h */ = {isa = PBXFileReference; lastKnownFileType = sourcecode.c.h; path = AppDelegate.h; sourceTree = "<group>"; };
		BFFBE4DF1BDD1C6B0033039F /* AppDelegate.m */ = {isa = PBXFileReference; lastKnownFileType = sourcecode.c.objc; path = AppDelegate.m; sourceTree = "<group>"; };
		BFFBE4E71BDD1C6B0033039F /* Assets.xcassets */ = {isa = PBXFileReference; lastKnownFileType = folder.assetcatalog; path = Assets.xcassets; sourceTree = "<group>"; };
		BFFBE4EA1BDD1C6B0033039F /* Base */ = {isa = PBXFileReference; lastKnownFileType = file.storyboard; name = Base; path = Base.lproj/LaunchScreen.storyboard; sourceTree = "<group>"; };
		BFFBE4EC1BDD1C6B0033039F /* Info.plist */ = {isa = PBXFileReference; lastKnownFileType = text.plist.xml; path = Info.plist; sourceTree = "<group>"; };
		BFFBE4F11BDD1C6B0033039F /* UnitySharePluginTests.xctest */ = {isa = PBXFileReference; explicitFileType = wrapper.cfbundle; includeInIndex = 0; path = UnitySharePluginTests.xctest; sourceTree = BUILT_PRODUCTS_DIR; };
		BFFBE4F51BDD1C6B0033039F /* UnitySharePluginTests.m */ = {isa = PBXFileReference; lastKnownFileType = sourcecode.c.objc; path = UnitySharePluginTests.m; sourceTree = "<group>"; };
		BFFBE4F71BDD1C6B0033039F /* Info.plist */ = {isa = PBXFileReference; lastKnownFileType = text.plist.xml; path = Info.plist; sourceTree = "<group>"; };
		BFFBE4FC1BDD1C6B0033039F /* UnitySharePluginUITests.xctest */ = {isa = PBXFileReference; explicitFileType = wrapper.cfbundle; includeInIndex = 0; path = UnitySharePluginUITests.xctest; sourceTree = BUILT_PRODUCTS_DIR; };
		BFFBE5001BDD1C6B0033039F /* UnitySharePluginUITests.m */ = {isa = PBXFileReference; lastKnownFileType = sourcecode.c.objc; path = UnitySharePluginUITests.m; sourceTree = "<group>"; };
		BFFBE5021BDD1C6B0033039F /* Info.plist */ = {isa = PBXFileReference; lastKnownFileType = text.plist.xml; path = Info.plist; sourceTree = "<group>"; };
		BFFBE50E1BDD1CED0033039F /* ShareController.h */ = {isa = PBXFileReference; fileEncoding = 4; lastKnownFileType = sourcecode.c.h; path = ShareController.h; sourceTree = "<group>"; };
		BFFBE50F1BDD1CED0033039F /* ShareController.mm */ = {isa = PBXFileReference; fileEncoding = 4; lastKnownFileType = sourcecode.cpp.objcpp; path = ShareController.mm; sourceTree = "<group>"; };
/* End PBXFileReference section */

/* Begin PBXFrameworksBuildPhase section */
		BFFBE4D51BDD1C6B0033039F /* Frameworks */ = {
			isa = PBXFrameworksBuildPhase;
			buildActionMask = 2147483647;
			files = (
			);
			runOnlyForDeploymentPostprocessing = 0;
		};
		BFFBE4EE1BDD1C6B0033039F /* Frameworks */ = {
			isa = PBXFrameworksBuildPhase;
			buildActionMask = 2147483647;
			files = (
			);
			runOnlyForDeploymentPostprocessing = 0;
		};
		BFFBE4F91BDD1C6B0033039F /* Frameworks */ = {
			isa = PBXFrameworksBuildPhase;
			buildActionMask = 2147483647;
			files = (
			);
			runOnlyForDeploymentPostprocessing = 0;
		};
/* End PBXFrameworksBuildPhase section */

/* Begin PBXGroup section */
		BFFBE4CF1BDD1C6B0033039F = {
			isa = PBXGroup;
			children = (
				BFFBE4DA1BDD1C6B0033039F /* UnitySharePlugin */,
				BFFBE4F41BDD1C6B0033039F /* UnitySharePluginTests */,
				BFFBE4FF1BDD1C6B0033039F /* UnitySharePluginUITests */,
				BFFBE4D91BDD1C6B0033039F /* Products */,
				BFFBE4DB1BDD1C6B0033039F /* Supporting Files */,
			);
			sourceTree = "<group>";
		};
		BFFBE4D91BDD1C6B0033039F /* Products */ = {
			isa = PBXGroup;
			children = (
				BFFBE4D81BDD1C6B0033039F /* UnitySharePlugin.app */,
				BFFBE4F11BDD1C6B0033039F /* UnitySharePluginTests.xctest */,
				BFFBE4FC1BDD1C6B0033039F /* UnitySharePluginUITests.xctest */,
			);
			name = Products;
			sourceTree = "<group>";
		};
		BFFBE4DA1BDD1C6B0033039F /* UnitySharePlugin */ = {
			isa = PBXGroup;
			children = (
				BFFBE4DE1BDD1C6B0033039F /* AppDelegate.h */,
				BFFBE4DF1BDD1C6B0033039F /* AppDelegate.m */,
				BFFBE4E71BDD1C6B0033039F /* Assets.xcassets */,
				BFFBE4E91BDD1C6B0033039F /* LaunchScreen.storyboard */,
				BFFBE4EC1BDD1C6B0033039F /* Info.plist */,
				BFFBE50E1BDD1CED0033039F /* ShareController.h */,
				BFFBE50F1BDD1CED0033039F /* ShareController.mm */,
			);
			path = UnitySharePlugin;
			sourceTree = "<group>";
		};
		BFFBE4DB1BDD1C6B0033039F /* Supporting Files */ = {
			isa = PBXGroup;
			children = (
				BFFBE4DC1BDD1C6B0033039F /* main.m */,
			);
			name = "Supporting Files";
			path = UnitySharePlugin;
			sourceTree = "<group>";
		};
		BFFBE4F41BDD1C6B0033039F /* UnitySharePluginTests */ = {
			isa = PBXGroup;
			children = (
				BFFBE4F51BDD1C6B0033039F /* UnitySharePluginTests.m */,
				BFFBE4F71BDD1C6B0033039F /* Info.plist */,
			);
			path = UnitySharePluginTests;
			sourceTree = "<group>";
		};
		BFFBE4FF1BDD1C6B0033039F /* UnitySharePluginUITests */ = {
			isa = PBXGroup;
			children = (
				BFFBE5001BDD1C6B0033039F /* UnitySharePluginUITests.m */,
				BFFBE5021BDD1C6B0033039F /* Info.plist */,
			);
			path = UnitySharePluginUITests;
			sourceTree = "<group>";
		};
/* End PBXGroup section */

/* Begin PBXNativeTarget section */
		BFFBE4D71BDD1C6B0033039F /* UnitySharePlugin */ = {
			isa = PBXNativeTarget;
			buildConfigurationList = BFFBE5051BDD1C6B0033039F /* Build configuration list for PBXNativeTarget "UnitySharePlugin" */;
			buildPhases = (
				BFFBE4D41BDD1C6B0033039F /* Sources */,
				BFFBE4D51BDD1C6B0033039F /* Frameworks */,
				BFFBE4D61BDD1C6B0033039F /* Resources */,
			);
			buildRules = (
			);
			dependencies = (
			);
			name = UnitySharePlugin;
			productName = UnitySharePlugin;
			productReference = BFFBE4D81BDD1C6B0033039F /* UnitySharePlugin.app */;
			productType = "com.apple.product-type.application";
		};
		BFFBE4F01BDD1C6B0033039F /* UnitySharePluginTests */ = {
			isa = PBXNativeTarget;
			buildConfigurationList = BFFBE5081BDD1C6B0033039F /* Build configuration list for PBXNativeTarget "UnitySharePluginTests" */;
			buildPhases = (
				BFFBE4ED1BDD1C6B0033039F /* Sources */,
				BFFBE4EE1BDD1C6B0033039F /* Frameworks */,
				BFFBE4EF1BDD1C6B0033039F /* Resources */,
			);
			buildRules = (
			);
			dependencies = (
				BFFBE4F31BDD1C6B0033039F /* PBXTargetDependency */,
			);
			name = UnitySharePluginTests;
			productName = UnitySharePluginTests;
			productReference = BFFBE4F11BDD1C6B0033039F /* UnitySharePluginTests.xctest */;
			productType = "com.apple.product-type.bundle.unit-test";
		};
		BFFBE4FB1BDD1C6B0033039F /* UnitySharePluginUITests */ = {
			isa = PBXNativeTarget;
			buildConfigurationList = BFFBE50B1BDD1C6B0033039F /* Build configuration list for PBXNativeTarget "UnitySharePluginUITests" */;
			buildPhases = (
				BFFBE4F81BDD1C6B0033039F /* Sources */,
				BFFBE4F91BDD1C6B0033039F /* Frameworks */,
				BFFBE4FA1BDD1C6B0033039F /* Resources */,
			);
			buildRules = (
			);
			dependencies = (
				BFFBE4FE1BDD1C6B0033039F /* PBXTargetDependency */,
			);
			name = UnitySharePluginUITests;
			productName = UnitySharePluginUITests;
			productReference = BFFBE4FC1BDD1C6B0033039F /* UnitySharePluginUITests.xctest */;
			productType = "com.apple.product-type.bundle.ui-testing";
		};
/* End PBXNativeTarget section */

/* Begin PBXProject section */
		BFFBE4D01BDD1C6B0033039F /* Project object */ = {
			isa = PBXProject;
			attributes = {
				LastUpgradeCheck = 0710;
				ORGANIZATIONNAME = "hung NV";
				TargetAttributes = {
					BFFBE4D71BDD1C6B0033039F = {
						CreatedOnToolsVersion = 7.1;
					};
					BFFBE4F01BDD1C6B0033039F = {
						CreatedOnToolsVersion = 7.1;
						TestTargetID = BFFBE4D71BDD1C6B0033039F;
					};
					BFFBE4FB1BDD1C6B0033039F = {
						CreatedOnToolsVersion = 7.1;
						TestTargetID = BFFBE4D71BDD1C6B0033039F;
					};
				};
			};
			buildConfigurationList = BFFBE4D31BDD1C6B0033039F /* Build configuration list for PBXProject "UnitySharePlugin" */;
			compatibilityVersion = "Xcode 3.2";
			developmentRegion = English;
			hasScannedForEncodings = 0;
			knownRegions = (
				en,
				Base,
			);
			mainGroup = BFFBE4CF1BDD1C6B0033039F;
			productRefGroup = BFFBE4D91BDD1C6B0033039F /* Products */;
			projectDirPath = "";
			projectRoot = "";
			targets = (
				BFFBE4D71BDD1C6B0033039F /* UnitySharePlugin */,
				BFFBE4F01BDD1C6B0033039F /* UnitySharePluginTests */,
				BFFBE4FB1BDD1C6B0033039F /* UnitySharePluginUITests */,
			);
		};
/* End PBXProject section */

/* Begin PBXResourcesBuildPhase section */
		BFFBE4D61BDD1C6B0033039F /* Resources */ = {
			isa = PBXResourcesBuildPhase;
			buildActionMask = 2147483647;
			files = (
				BFFBE4EB1BDD1C6B0033039F /* LaunchScreen.storyboard in Resources */,
				BFFBE4E81BDD1C6B0033039F /* Assets.xcassets in Resources */,
			);
			runOnlyForDeploymentPostprocessing = 0;
		};
		BFFBE4EF1BDD1C6B0033039F /* Resources */ = {
			isa = PBXResourcesBuildPhase;
			buildActionMask = 2147483647;
			files = (
			);
			runOnlyForDeploymentPostprocessing = 0;
		};
		BFFBE4FA1BDD1C6B0033039F /* Resources */ = {
			isa = PBXResourcesBuildPhase;
			buildActionMask = 2147483647;
			files = (
			);
			runOnlyForDeploymentPostprocessing = 0;
		};
/* End PBXResourcesBuildPhase section */

/* Begin PBXSourcesBuildPhase section */
		BFFBE4D41BDD1C6B0033039F /* Sources */ = {
			isa = PBXSourcesBuildPhase;
			buildActionMask = 2147483647;
			files = (
				BFFBE4E01BDD1C6B0033039F /* AppDelegate.m in Sources */,
				BFFBE4DD1BDD1C6B0033039F /* main.m in Sources */,
				BFFBE5101BDD1CED0033039F /* ShareController.mm in Sources */,
			);
			runOnlyForDeploymentPostprocessing = 0;
		};
		BFFBE4ED1BDD1C6B0033039F /* Sources */ = {
			isa = PBXSourcesBuildPhase;
			buildActionMask = 2147483647;
			files = (
				BFFBE4F61BDD1C6B0033039F /* UnitySharePluginTests.m in Sources */,
			);
			runOnlyForDeploymentPostprocessing = 0;
		};
		BFFBE4F81BDD1C6B0033039F /* Sources */ = {
			isa = PBXSourcesBuildPhase;
			buildActionMask = 2147483647;
			files = (
				BFFBE5011BDD1C6B0033039F /* UnitySharePluginUITests.m in Sources */,
			);
			runOnlyForDeploymentPostprocessing = 0;
		};
/* End PBXSourcesBuildPhase section */

/* Begin PBXTargetDependency section */
		BFFBE4F31BDD1C6B0033039F /* PBXTargetDependency */ = {
			isa = PBXTargetDependency;
			target = BFFBE4D71BDD1C6B0033039F /* UnitySharePlugin */;
			targetProxy = BFFBE4F21BDD1C6B0033039F /* PBXContainerItemProxy */;
		};
		BFFBE4FE1BDD1C6B0033039F /* PBXTargetDependency */ = {
			isa = PBXTargetDependency;
			target = BFFBE4D71BDD1C6B0033039F /* UnitySharePlugin */;
			targetProxy = BFFBE4FD1BDD1C6B0033039F /* PBXContainerItemProxy */;
		};
/* End PBXTargetDependency section */

/* Begin PBXVariantGroup section */
		BFFBE4E91BDD1C6B0033039F /* LaunchScreen.storyboard */ = {
			isa = PBXVariantGroup;
			children = (
				BFFBE4EA1BDD1C6B0033039F /* Base */,
			);
			name = LaunchScreen.storyboard;
			sourceTree = "<group>";
		};
/* End PBXVariantGroup section */

/* Begin XCBuildConfiguration section */
		BFFBE5031BDD1C6B0033039F /* Debug */ = {
			isa = XCBuildConfiguration;
			buildSettings = {
				ALWAYS_SEARCH_USER_PATHS = NO;
				CLANG_CXX_LANGUAGE_STANDARD = "gnu++0x";
				CLANG_CXX_LIBRARY = "libc++";
				CLANG_ENABLE_MODULES = YES;
				CLANG_ENABLE_OBJC_ARC = YES;
				CLANG_WARN_BOOL_CONVERSION = YES;
				CLANG_WARN_CONSTANT_CONVERSION = YES;
				CLANG_WARN_DIRECT_OBJC_ISA_USAGE = YES_ERROR;
				CLANG_WARN_EMPTY_BODY = YES;
				CLANG_WARN_ENUM_CONVERSION = YES;
				CLANG_WARN_INT_CONVERSION = YES;
				CLANG_WARN_OBJC_ROOT_CLASS = YES_ERROR;
				CLANG_WARN_UNREACHABLE_CODE = YES;
				CLANG_WARN__DUPLICATE_METHOD_MATCH = YES;
				"CODE_SIGN_IDENTITY[sdk=iphoneos*]" = "iPhone Developer";
				COPY_PHASE_STRIP = NO;
				DEBUG_INFORMATION_FORMAT = dwarf;
				ENABLE_STRICT_OBJC_MSGSEND = YES;
				ENABLE_TESTABILITY = YES;
				GCC_C_LANGUAGE_STANDARD = gnu99;
				GCC_DYNAMIC_NO_PIC = NO;
				GCC_NO_COMMON_BLOCKS = YES;
				GCC_OPTIMIZATION_LEVEL = 0;
				GCC_PREPROCESSOR_DEFINITIONS = (
					"DEBUG=1",
					"$(inherited)",
				);
				GCC_WARN_64_TO_32_BIT_CONVERSION = YES;
				GCC_WARN_ABOUT_RETURN_TYPE = YES_ERROR;
				GCC_WARN_UNDECLARED_SELECTOR = YES;
				GCC_WARN_UNINITIALIZED_AUTOS = YES_AGGRESSIVE;
				GCC_WARN_UNUSED_FUNCTION = YES;
				GCC_WARN_UNUSED_VARIABLE = YES;
				IPHONEOS_DEPLOYMENT_TARGET = 9.1;
				MTL_ENABLE_DEBUG_INFO = YES;
				ONLY_ACTIVE_ARCH = YES;
				SDKROOT = iphoneos;
				TARGETED_DEVICE_FAMILY = "1,2";
			};
			name = Debug;
		};
		BFFBE5041BDD1C6B0033039F /* Release */ = {
			isa = XCBuildConfiguration;
			buildSettings = {
				ALWAYS_SEARCH_USER_PATHS = NO;
				CLANG_CXX_LANGUAGE_STANDARD = "gnu++0x";
				CLANG_CXX_LIBRARY = "libc++";
				CLANG_ENABLE_MODULES = YES;
				CLANG_ENABLE_OBJC_ARC = YES;
				CLANG_WARN_BOOL_CONVERSION = YES;
				CLANG_WARN_CONSTANT_CONVERSION = YES;
				CLANG_WARN_DIRECT_OBJC_ISA_USAGE = YES_ERROR;
				CLANG_WARN_EMPTY_BODY = YES;
				CLANG_WARN_ENUM_CONVERSION = YES;
				CLANG_WARN_INT_CONVERSION = YES;
				CLANG_WARN_OBJC_ROOT_CLASS = YES_ERROR;
				CLANG_WARN_UNREACHABLE_CODE = YES;
				CLANG_WARN__DUPLICATE_METHOD_MATCH = YES;
				"CODE_SIGN_IDENTITY[sdk=iphoneos*]" = "iPhone Developer";
				COPY_PHASE_STRIP = NO;
				DEBUG_INFORMATION_FORMAT = "dwarf-with-dsym";
				ENABLE_NS_ASSERTIONS = NO;
				ENABLE_STRICT_OBJC_MSGSEND = YES;
				GCC_C_LANGUAGE_STANDARD = gnu99;
				GCC_NO_COMMON_BLOCKS = YES;
				GCC_WARN_64_TO_32_BIT_CONVERSION = YES;
				GCC_WARN_ABOUT_RETURN_TYPE = YES_ERROR;
				GCC_WARN_UNDECLARED_SELECTOR = YES;
				GCC_WARN_UNINITIALIZED_AUTOS = YES_AGGRESSIVE;
				GCC_WARN_UNUSED_FUNCTION = YES;
				GCC_WARN_UNUSED_VARIABLE = YES;
				IPHONEOS_DEPLOYMENT_TARGET = 9.1;
				MTL_ENABLE_DEBUG_INFO = NO;
				SDKROOT = iphoneos;
				TARGETED_DEVICE_FAMILY = "1,2";
				VALIDATE_PRODUCT = YES;
			};
			name = Release;
		};
		BFFBE5061BDD1C6B0033039F /* Debug */ = {
			isa = XCBuildConfiguration;
			buildSettings = {
				ASSETCATALOG_COMPILER_APPICON_NAME = AppIcon;
				INFOPLIST_FILE = UnitySharePlugin/Info.plist;
				LD_RUNPATH_SEARCH_PATHS = "$(inherited) @executable_path/Frameworks";
				PRODUCT_BUNDLE_IDENTIFIER = com.kilobeast.UnitySharePlugin;
				PRODUCT_NAME = "$(TARGET_NAME)";
			};
			name = Debug;
		};
		BFFBE5071BDD1C6B0033039F /* Release */ = {
			isa = XCBuildConfiguration;
			buildSettings = {
				ASSETCATALOG_COMPILER_APPICON_NAME = AppIcon;
				INFOPLIST_FILE = UnitySharePlugin/Info.plist;
				LD_RUNPATH_SEARCH_PATHS = "$(inherited) @executable_path/Frameworks";
				PRODUCT_BUNDLE_IDENTIFIER = com.kilobeast.UnitySharePlugin;
				PRODUCT_NAME = "$(TARGET_NAME)";
			};
			name = Release;
		};
		BFFBE5091BDD1C6B0033039F /* Debug */ = {
			isa = XCBuildConfiguration;
			buildSettings = {
				BUNDLE_LOADER = "$(TEST_HOST)";
				INFOPLIST_FILE = UnitySharePluginTests/Info.plist;
				LD_RUNPATH_SEARCH_PATHS = "$(inherited) @executable_path/Frameworks @loader_path/Frameworks";
				PRODUCT_BUNDLE_IDENTIFIER = com.kilobeast.UnitySharePluginTests;
				PRODUCT_NAME = "$(TARGET_NAME)";
				TEST_HOST = "$(BUILT_PRODUCTS_DIR)/UnitySharePlugin.app/UnitySharePlugin";
			};
			name = Debug;
		};
		BFFBE50A1BDD1C6B0033039F /* Release */ = {
			isa = XCBuildConfiguration;
			buildSettings = {
				BUNDLE_LOADER = "$(TEST_HOST)";
				INFOPLIST_FILE = UnitySharePluginTests/Info.plist;
				LD_RUNPATH_SEARCH_PATHS = "$(inherited) @executable_path/Frameworks @loader_path/Frameworks";
				PRODUCT_BUNDLE_IDENTIFIER = com.kilobeast.UnitySharePluginTests;
				PRODUCT_NAME = "$(TARGET_NAME)";
				TEST_HOST = "$(BUILT_PRODUCTS_DIR)/UnitySharePlugin.app/UnitySharePlugin";
			};
			name = Release;
		};
		BFFBE50C1BDD1C6B0033039F /* Debug */ = {
			isa = XCBuildConfiguration;
			buildSettings = {
				INFOPLIST_FILE = UnitySharePluginUITests/Info.plist;
				LD_RUNPATH_SEARCH_PATHS = "$(inherited) @executable_path/Frameworks @loader_path/Frameworks";
				PRODUCT_BUNDLE_IDENTIFIER = com.kilobeast.UnitySharePluginUITests;
				PRODUCT_NAME = "$(TARGET_NAME)";
				TEST_TARGET_NAME = UnitySharePlugin;
				USES_XCTRUNNER = YES;
			};
			name = Debug;
		};
		BFFBE50D1BDD1C6B0033039F /* Release */ = {
			isa = XCBuildConfiguration;
			buildSettings = {
				INFOPLIST_FILE = UnitySharePluginUITests/Info.plist;
				LD_RUNPATH_SEARCH_PATHS = "$(inherited) @executable_path/Frameworks @loader_path/Frameworks";
				PRODUCT_BUNDLE_IDENTIFIER = com.kilobeast.UnitySharePluginUITests;
				PRODUCT_NAME = "$(TARGET_NAME)";
				TEST_TARGET_NAME = UnitySharePlugin;
				USES_XCTRUNNER = YES;
			};
			name = Release;
		};
/* End XCBuildConfiguration section */

/* Begin XCConfigurationList section */
		BFFBE4D31BDD1C6B0033039F /* Build configuration list for PBXProject "UnitySharePlugin" */ = {
			isa = XCConfigurationList;
			buildConfigurations = (
				BFFBE5031BDD1C6B0033039F /* Debug */,
				BFFBE5041BDD1C6B0033039F /* Release */,
			);
			defaultConfigurationIsVisible = 0;
			defaultConfigurationName = Release;
		};
		BFFBE5051BDD1C6B0033039F /* Build configuration list for PBXNativeTarget "UnitySharePlugin" */ = {
			isa = XCConfigurationList;
			buildConfigurations = (
				BFFBE5061BDD1C6B0033039F /* Debug */,
				BFFBE5071BDD1C6B0033039F /* Release */,
			);
			defaultConfigurationIsVisible = 0;
		};
		BFFBE5081BDD1C6B0033039F /* Build configuration list for PBXNativeTarget "UnitySharePluginTests" */ = {
			isa = XCConfigurationList;
			buildConfigurations = (
				BFFBE5091BDD1C6B0033039F /* Debug */,
				BFFBE50A1BDD1C6B0033039F /* Release */,
			);
			defaultConfigurationIsVisible = 0;
		};
		BFFBE50B1BDD1C6B0033039F /* Build configuration list for PBXNativeTarget "UnitySharePluginUITests" */ = {
			isa = XCConfigurationList;
			buildConfigurations = (
				BFFBE50C1BDD1C6B0033039F /* Debug */,
				BFFBE50D1BDD1C6B0033039F /* Release */,
			);
			defaultConfigurationIsVisible = 0;
		};
/* End XCConfigurationList section */
	};
	rootObject = BFFBE4D01BDD1C6B0033039F /* Project object */;
}
